// !$*UTF8*$!
{
	archiveVersion = 1;
	classes = {
	};
	objectVersion = 56;
	objects = {

/* Begin PBXBuildFile section */
		9A4C4DCC2B6D035C008843C5 /* TopicsListView.swift in Sources */ = {isa = PBXBuildFile; fileRef = 9A4C4DCB2B6D035C008843C5 /* TopicsListView.swift */; };
		9A4C4DD02B6D1331008843C5 /* AddTopicsService.swift in Sources */ = {isa = PBXBuildFile; fileRef = 9A4C4DCF2B6D1331008843C5 /* AddTopicsService.swift */; };
		9A4C4DD32B6D5662008843C5 /* TopicDescriptionView.swift in Sources */ = {isa = PBXBuildFile; fileRef = 9A4C4DD22B6D5662008843C5 /* TopicDescriptionView.swift */; };
		9A4C4DD62B6D706E008843C5 /* Topic.swift in Sources */ = {isa = PBXBuildFile; fileRef = 9A4C4DD52B6D706E008843C5 /* Topic.swift */; };
		9A4C4DD92B6D7393008843C5 /* Colors.swift in Sources */ = {isa = PBXBuildFile; fileRef = 9A4C4DD82B6D7393008843C5 /* Colors.swift */; };
		9A4C4DDC2B6D78CE008843C5 /* TopicsListViewModel.swift in Sources */ = {isa = PBXBuildFile; fileRef = 9A4C4DDB2B6D78CE008843C5 /* TopicsListViewModel.swift */; };
		9A4C4DDE2B6D7D71008843C5 /* TopicsListBuilder.swift in Sources */ = {isa = PBXBuildFile; fileRef = 9A4C4DDD2B6D7D71008843C5 /* TopicsListBuilder.swift */; };
		9A4C4DE12B6D89D2008843C5 /* ExerciseServiceProtocol.swift in Sources */ = {isa = PBXBuildFile; fileRef = 9A4C4DE02B6D89D2008843C5 /* ExerciseServiceProtocol.swift */; };
		9A4C4DE42B6D8A2B008843C5 /* TopicsListViewCell.swift in Sources */ = {isa = PBXBuildFile; fileRef = 9A4C4DE32B6D8A2B008843C5 /* TopicsListViewCell.swift */; };
		9A91E5F42B5E90CE000773C7 /* EnglishCourseApp.swift in Sources */ = {isa = PBXBuildFile; fileRef = 9A91E5F32B5E90CE000773C7 /* EnglishCourseApp.swift */; };
		9A91E5F62B5E90CE000773C7 /* ContentView.swift in Sources */ = {isa = PBXBuildFile; fileRef = 9A91E5F52B5E90CE000773C7 /* ContentView.swift */; };
		9A91E5F82B5E90CF000773C7 /* Assets.xcassets in Resources */ = {isa = PBXBuildFile; fileRef = 9A91E5F72B5E90CF000773C7 /* Assets.xcassets */; };
		9A91E5FB2B5E90CF000773C7 /* Preview Assets.xcassets in Resources */ = {isa = PBXBuildFile; fileRef = 9A91E5FA2B5E90CF000773C7 /* Preview Assets.xcassets */; };
		9A91E5FD2B5E90CF000773C7 /* Persistence.swift in Sources */ = {isa = PBXBuildFile; fileRef = 9A91E5FC2B5E90CF000773C7 /* Persistence.swift */; };
		9A91E6002B5E90CF000773C7 /* EnglishCourse.xcdatamodeld in Sources */ = {isa = PBXBuildFile; fileRef = 9A91E5FE2B5E90CF000773C7 /* EnglishCourse.xcdatamodeld */; };
		9A91E60A2B5E90CF000773C7 /* EnglishCourseTests.swift in Sources */ = {isa = PBXBuildFile; fileRef = 9A91E6092B5E90CF000773C7 /* EnglishCourseTests.swift */; };
		9A91E6142B5E90CF000773C7 /* EnglishCourseUITests.swift in Sources */ = {isa = PBXBuildFile; fileRef = 9A91E6132B5E90CF000773C7 /* EnglishCourseUITests.swift */; };
		9A91E6162B5E90CF000773C7 /* EnglishCourseUITestsLaunchTests.swift in Sources */ = {isa = PBXBuildFile; fileRef = 9A91E6152B5E90CF000773C7 /* EnglishCourseUITestsLaunchTests.swift */; };
		9A91E6242B5E91B5000773C7 /* NetworkManager.swift in Sources */ = {isa = PBXBuildFile; fileRef = 9A91E6232B5E91B5000773C7 /* NetworkManager.swift */; };
		9A91E6272B5E926D000773C7 /* ToBeSentensesRequest.swift in Sources */ = {isa = PBXBuildFile; fileRef = 9A91E6262B5E926D000773C7 /* ToBeSentensesRequest.swift */; };
		9A91E6292B5E92D0000773C7 /* ToBeSentensesResponse.swift in Sources */ = {isa = PBXBuildFile; fileRef = 9A91E6282B5E92D0000773C7 /* ToBeSentensesResponse.swift */; };
		9A91E62B2B5E95AD000773C7 /* ToBeExercise.swift in Sources */ = {isa = PBXBuildFile; fileRef = 9A91E62A2B5E95AD000773C7 /* ToBeExercise.swift */; };
		9A91E6302B5ED9E8000773C7 /* ExerciseViewModel.swift in Sources */ = {isa = PBXBuildFile; fileRef = 9A91E62F2B5ED9E8000773C7 /* ExerciseViewModel.swift */; };
		9A91E6382B5EF01E000773C7 /* ExerciseView.swift in Sources */ = {isa = PBXBuildFile; fileRef = 9A91E6372B5EF01E000773C7 /* ExerciseView.swift */; };
		9A91E63A2B5EF02D000773C7 /* ExerciseBuilder.swift in Sources */ = {isa = PBXBuildFile; fileRef = 9A91E6392B5EF02D000773C7 /* ExerciseBuilder.swift */; };
		9A91E63F2B5FCB34000773C7 /* ProcessingView.swift in Sources */ = {isa = PBXBuildFile; fileRef = 9A91E63E2B5FCB34000773C7 /* ProcessingView.swift */; };
		9A91E6432B5FF090000773C7 /* ExercisesTabView.swift in Sources */ = {isa = PBXBuildFile; fileRef = 9A91E6422B5FF090000773C7 /* ExercisesTabView.swift */; };
		9A91E6452B601E61000773C7 /* SentenceExerciseView.swift in Sources */ = {isa = PBXBuildFile; fileRef = 9A91E6442B601E61000773C7 /* SentenceExerciseView.swift */; };
		9A91E6482B626BE8000773C7 /* FlowLayout.swift in Sources */ = {isa = PBXBuildFile; fileRef = 9A91E6472B626BE8000773C7 /* FlowLayout.swift */; };
		9A91E64B2B626C15000773C7 /* Arranger.swift in Sources */ = {isa = PBXBuildFile; fileRef = 9A91E64A2B626C15000773C7 /* Arranger.swift */; };
		9A91E6552B65230F000773C7 /* ExerciseOptionsView.swift in Sources */ = {isa = PBXBuildFile; fileRef = 9A91E6542B65230F000773C7 /* ExerciseOptionsView.swift */; };
		9AF1A03C2B69024E00564094 /* ToBeExerciseService.swift in Sources */ = {isa = PBXBuildFile; fileRef = 9AF1A03B2B69024E00564094 /* ToBeExerciseService.swift */; };
/* End PBXBuildFile section */

/* Begin PBXContainerItemProxy section */
		9A91E6062B5E90CF000773C7 /* PBXContainerItemProxy */ = {
			isa = PBXContainerItemProxy;
			containerPortal = 9A91E5E82B5E90CE000773C7 /* Project object */;
			proxyType = 1;
			remoteGlobalIDString = 9A91E5EF2B5E90CE000773C7;
			remoteInfo = EnglishCourse;
		};
		9A91E6102B5E90CF000773C7 /* PBXContainerItemProxy */ = {
			isa = PBXContainerItemProxy;
			containerPortal = 9A91E5E82B5E90CE000773C7 /* Project object */;
			proxyType = 1;
			remoteGlobalIDString = 9A91E5EF2B5E90CE000773C7;
			remoteInfo = EnglishCourse;
		};
/* End PBXContainerItemProxy section */

/* Begin PBXFileReference section */
		9A4C4DCB2B6D035C008843C5 /* TopicsListView.swift */ = {isa = PBXFileReference; lastKnownFileType = sourcecode.swift; path = TopicsListView.swift; sourceTree = "<group>"; };
		9A4C4DCF2B6D1331008843C5 /* AddTopicsService.swift */ = {isa = PBXFileReference; lastKnownFileType = sourcecode.swift; path = AddTopicsService.swift; sourceTree = "<group>"; };
		9A4C4DD22B6D5662008843C5 /* TopicDescriptionView.swift */ = {isa = PBXFileReference; lastKnownFileType = sourcecode.swift; path = TopicDescriptionView.swift; sourceTree = "<group>"; };
		9A4C4DD52B6D706E008843C5 /* Topic.swift */ = {isa = PBXFileReference; lastKnownFileType = sourcecode.swift; path = Topic.swift; sourceTree = "<group>"; };
		9A4C4DD82B6D7393008843C5 /* Colors.swift */ = {isa = PBXFileReference; lastKnownFileType = sourcecode.swift; path = Colors.swift; sourceTree = "<group>"; };
		9A4C4DDB2B6D78CE008843C5 /* TopicsListViewModel.swift */ = {isa = PBXFileReference; lastKnownFileType = sourcecode.swift; path = TopicsListViewModel.swift; sourceTree = "<group>"; };
		9A4C4DDD2B6D7D71008843C5 /* TopicsListBuilder.swift */ = {isa = PBXFileReference; lastKnownFileType = sourcecode.swift; path = TopicsListBuilder.swift; sourceTree = "<group>"; };
		9A4C4DE02B6D89D2008843C5 /* ExerciseServiceProtocol.swift */ = {isa = PBXFileReference; lastKnownFileType = sourcecode.swift; path = ExerciseServiceProtocol.swift; sourceTree = "<group>"; };
		9A4C4DE32B6D8A2B008843C5 /* TopicsListViewCell.swift */ = {isa = PBXFileReference; lastKnownFileType = sourcecode.swift; path = TopicsListViewCell.swift; sourceTree = "<group>"; };
		9A91E5F02B5E90CE000773C7 /* EnglishCourse.app */ = {isa = PBXFileReference; explicitFileType = wrapper.application; includeInIndex = 0; path = EnglishCourse.app; sourceTree = BUILT_PRODUCTS_DIR; };
		9A91E5F32B5E90CE000773C7 /* EnglishCourseApp.swift */ = {isa = PBXFileReference; lastKnownFileType = sourcecode.swift; path = EnglishCourseApp.swift; sourceTree = "<group>"; };
		9A91E5F52B5E90CE000773C7 /* ContentView.swift */ = {isa = PBXFileReference; lastKnownFileType = sourcecode.swift; path = ContentView.swift; sourceTree = "<group>"; };
		9A91E5F72B5E90CF000773C7 /* Assets.xcassets */ = {isa = PBXFileReference; lastKnownFileType = folder.assetcatalog; path = Assets.xcassets; sourceTree = "<group>"; };
		9A91E5FA2B5E90CF000773C7 /* Preview Assets.xcassets */ = {isa = PBXFileReference; lastKnownFileType = folder.assetcatalog; path = "Preview Assets.xcassets"; sourceTree = "<group>"; };
		9A91E5FC2B5E90CF000773C7 /* Persistence.swift */ = {isa = PBXFileReference; lastKnownFileType = sourcecode.swift; path = Persistence.swift; sourceTree = "<group>"; };
		9A91E5FF2B5E90CF000773C7 /* EnglishCourse.xcdatamodel */ = {isa = PBXFileReference; lastKnownFileType = wrapper.xcdatamodel; path = EnglishCourse.xcdatamodel; sourceTree = "<group>"; };
		9A91E6052B5E90CF000773C7 /* EnglishCourseTests.xctest */ = {isa = PBXFileReference; explicitFileType = wrapper.cfbundle; includeInIndex = 0; path = EnglishCourseTests.xctest; sourceTree = BUILT_PRODUCTS_DIR; };
		9A91E6092B5E90CF000773C7 /* EnglishCourseTests.swift */ = {isa = PBXFileReference; lastKnownFileType = sourcecode.swift; path = EnglishCourseTests.swift; sourceTree = "<group>"; };
		9A91E60F2B5E90CF000773C7 /* EnglishCourseUITests.xctest */ = {isa = PBXFileReference; explicitFileType = wrapper.cfbundle; includeInIndex = 0; path = EnglishCourseUITests.xctest; sourceTree = BUILT_PRODUCTS_DIR; };
		9A91E6132B5E90CF000773C7 /* EnglishCourseUITests.swift */ = {isa = PBXFileReference; lastKnownFileType = sourcecode.swift; path = EnglishCourseUITests.swift; sourceTree = "<group>"; };
		9A91E6152B5E90CF000773C7 /* EnglishCourseUITestsLaunchTests.swift */ = {isa = PBXFileReference; lastKnownFileType = sourcecode.swift; path = EnglishCourseUITestsLaunchTests.swift; sourceTree = "<group>"; };
		9A91E6232B5E91B5000773C7 /* NetworkManager.swift */ = {isa = PBXFileReference; lastKnownFileType = sourcecode.swift; path = NetworkManager.swift; sourceTree = "<group>"; };
		9A91E6262B5E926D000773C7 /* ToBeSentensesRequest.swift */ = {isa = PBXFileReference; lastKnownFileType = sourcecode.swift; path = ToBeSentensesRequest.swift; sourceTree = "<group>"; };
		9A91E6282B5E92D0000773C7 /* ToBeSentensesResponse.swift */ = {isa = PBXFileReference; lastKnownFileType = sourcecode.swift; path = ToBeSentensesResponse.swift; sourceTree = "<group>"; };
		9A91E62A2B5E95AD000773C7 /* ToBeExercise.swift */ = {isa = PBXFileReference; lastKnownFileType = sourcecode.swift; path = ToBeExercise.swift; sourceTree = "<group>"; };
		9A91E62F2B5ED9E8000773C7 /* ExerciseViewModel.swift */ = {isa = PBXFileReference; lastKnownFileType = sourcecode.swift; path = ExerciseViewModel.swift; sourceTree = "<group>"; };
		9A91E6372B5EF01E000773C7 /* ExerciseView.swift */ = {isa = PBXFileReference; lastKnownFileType = sourcecode.swift; path = ExerciseView.swift; sourceTree = "<group>"; };
		9A91E6392B5EF02D000773C7 /* ExerciseBuilder.swift */ = {isa = PBXFileReference; lastKnownFileType = sourcecode.swift; path = ExerciseBuilder.swift; sourceTree = "<group>"; };
		9A91E63E2B5FCB34000773C7 /* ProcessingView.swift */ = {isa = PBXFileReference; lastKnownFileType = sourcecode.swift; path = ProcessingView.swift; sourceTree = "<group>"; };
		9A91E6422B5FF090000773C7 /* ExercisesTabView.swift */ = {isa = PBXFileReference; lastKnownFileType = sourcecode.swift; path = ExercisesTabView.swift; sourceTree = "<group>"; };
		9A91E6442B601E61000773C7 /* SentenceExerciseView.swift */ = {isa = PBXFileReference; lastKnownFileType = sourcecode.swift; path = SentenceExerciseView.swift; sourceTree = "<group>"; };
		9A91E6472B626BE8000773C7 /* FlowLayout.swift */ = {isa = PBXFileReference; lastKnownFileType = sourcecode.swift; path = FlowLayout.swift; sourceTree = "<group>"; };
		9A91E64A2B626C15000773C7 /* Arranger.swift */ = {isa = PBXFileReference; lastKnownFileType = sourcecode.swift; path = Arranger.swift; sourceTree = "<group>"; };
		9A91E6542B65230F000773C7 /* ExerciseOptionsView.swift */ = {isa = PBXFileReference; lastKnownFileType = sourcecode.swift; path = ExerciseOptionsView.swift; sourceTree = "<group>"; };
		9AF1A03B2B69024E00564094 /* ToBeExerciseService.swift */ = {isa = PBXFileReference; lastKnownFileType = sourcecode.swift; path = ToBeExerciseService.swift; sourceTree = "<group>"; };
/* End PBXFileReference section */

/* Begin PBXFrameworksBuildPhase section */
		9A91E5ED2B5E90CE000773C7 /* Frameworks */ = {
			isa = PBXFrameworksBuildPhase;
			buildActionMask = 2147483647;
			files = (
			);
			runOnlyForDeploymentPostprocessing = 0;
		};
		9A91E6022B5E90CF000773C7 /* Frameworks */ = {
			isa = PBXFrameworksBuildPhase;
			buildActionMask = 2147483647;
			files = (
			);
			runOnlyForDeploymentPostprocessing = 0;
		};
		9A91E60C2B5E90CF000773C7 /* Frameworks */ = {
			isa = PBXFrameworksBuildPhase;
			buildActionMask = 2147483647;
			files = (
			);
			runOnlyForDeploymentPostprocessing = 0;
		};
/* End PBXFrameworksBuildPhase section */

/* Begin PBXGroup section */
		9A4C4DCA2B6D0336008843C5 /* TopicsList */ = {
			isa = PBXGroup;
			children = (
				9A4C4DE22B6D8A04008843C5 /* Views */,
				9A4C4DDF2B6D8959008843C5 /* ViewModel */,
				9A4C4DD42B6D705A008843C5 /* Model */,
				9A4C4DCE2B6D131A008843C5 /* Services */,
				9A4C4DDD2B6D7D71008843C5 /* TopicsListBuilder.swift */,
			);
			path = TopicsList;
			sourceTree = "<group>";
		};
		9A4C4DCE2B6D131A008843C5 /* Services */ = {
			isa = PBXGroup;
			children = (
				9A4C4DCF2B6D1331008843C5 /* AddTopicsService.swift */,
			);
			path = Services;
			sourceTree = "<group>";
		};
		9A4C4DD12B6D5642008843C5 /* TopicDescription */ = {
			isa = PBXGroup;
			children = (
				9A4C4DD22B6D5662008843C5 /* TopicDescriptionView.swift */,
			);
			path = TopicDescription;
			sourceTree = "<group>";
		};
		9A4C4DD42B6D705A008843C5 /* Model */ = {
			isa = PBXGroup;
			children = (
				9A4C4DD52B6D706E008843C5 /* Topic.swift */,
			);
			path = Model;
			sourceTree = "<group>";
		};
		9A4C4DD72B6D7384008843C5 /* Colors */ = {
			isa = PBXGroup;
			children = (
				9A4C4DD82B6D7393008843C5 /* Colors.swift */,
			);
			path = Colors;
			sourceTree = "<group>";
		};
		9A4C4DDA2B6D78A7008843C5 /* CoreData */ = {
			isa = PBXGroup;
			children = (
				9A91E5FC2B5E90CF000773C7 /* Persistence.swift */,
				9A91E5FE2B5E90CF000773C7 /* EnglishCourse.xcdatamodeld */,
			);
			path = CoreData;
			sourceTree = "<group>";
		};
		9A4C4DDF2B6D8959008843C5 /* ViewModel */ = {
			isa = PBXGroup;
			children = (
				9A4C4DDB2B6D78CE008843C5 /* TopicsListViewModel.swift */,
			);
			path = ViewModel;
			sourceTree = "<group>";
		};
		9A4C4DE22B6D8A04008843C5 /* Views */ = {
			isa = PBXGroup;
			children = (
				9A4C4DCB2B6D035C008843C5 /* TopicsListView.swift */,
				9A4C4DE32B6D8A2B008843C5 /* TopicsListViewCell.swift */,
			);
			path = Views;
			sourceTree = "<group>";
		};
		9A91E5E72B5E90CE000773C7 = {
			isa = PBXGroup;
			children = (
				9A4C4DDA2B6D78A7008843C5 /* CoreData */,
				9A91E6462B626BCE000773C7 /* Helpers */,
				9A91E62C2B5ED983000773C7 /* Modules */,
				9A91E6222B5E9164000773C7 /* Networking */,
				9A91E5F22B5E90CE000773C7 /* EnglishCourse */,
				9A91E6082B5E90CF000773C7 /* EnglishCourseTests */,
				9A91E6122B5E90CF000773C7 /* EnglishCourseUITests */,
				9A91E5F12B5E90CE000773C7 /* Products */,
			);
			sourceTree = "<group>";
		};
		9A91E5F12B5E90CE000773C7 /* Products */ = {
			isa = PBXGroup;
			children = (
				9A91E5F02B5E90CE000773C7 /* EnglishCourse.app */,
				9A91E6052B5E90CF000773C7 /* EnglishCourseTests.xctest */,
				9A91E60F2B5E90CF000773C7 /* EnglishCourseUITests.xctest */,
			);
			name = Products;
			sourceTree = "<group>";
		};
		9A91E5F22B5E90CE000773C7 /* EnglishCourse */ = {
			isa = PBXGroup;
			children = (
				9A91E5F32B5E90CE000773C7 /* EnglishCourseApp.swift */,
				9A91E5F52B5E90CE000773C7 /* ContentView.swift */,
				9A91E5F72B5E90CF000773C7 /* Assets.xcassets */,
				9A91E5F92B5E90CF000773C7 /* Preview Content */,
			);
			path = EnglishCourse;
			sourceTree = "<group>";
		};
		9A91E5F92B5E90CF000773C7 /* Preview Content */ = {
			isa = PBXGroup;
			children = (
				9A91E5FA2B5E90CF000773C7 /* Preview Assets.xcassets */,
			);
			path = "Preview Content";
			sourceTree = "<group>";
		};
		9A91E6082B5E90CF000773C7 /* EnglishCourseTests */ = {
			isa = PBXGroup;
			children = (
				9A91E6092B5E90CF000773C7 /* EnglishCourseTests.swift */,
			);
			path = EnglishCourseTests;
			sourceTree = "<group>";
		};
		9A91E6122B5E90CF000773C7 /* EnglishCourseUITests */ = {
			isa = PBXGroup;
			children = (
				9A91E6132B5E90CF000773C7 /* EnglishCourseUITests.swift */,
				9A91E6152B5E90CF000773C7 /* EnglishCourseUITestsLaunchTests.swift */,
			);
			path = EnglishCourseUITests;
			sourceTree = "<group>";
		};
		9A91E6222B5E9164000773C7 /* Networking */ = {
			isa = PBXGroup;
			children = (
				9A91E6252B5E91FF000773C7 /* Models */,
				9A91E6232B5E91B5000773C7 /* NetworkManager.swift */,
			);
			path = Networking;
			sourceTree = "<group>";
		};
		9A91E6252B5E91FF000773C7 /* Models */ = {
			isa = PBXGroup;
			children = (
				9A91E6262B5E926D000773C7 /* ToBeSentensesRequest.swift */,
				9A91E6282B5E92D0000773C7 /* ToBeSentensesResponse.swift */,
				9A91E62A2B5E95AD000773C7 /* ToBeExercise.swift */,
			);
			path = Models;
			sourceTree = "<group>";
		};
		9A91E62C2B5ED983000773C7 /* Modules */ = {
			isa = PBXGroup;
			children = (
				9A4C4DD12B6D5642008843C5 /* TopicDescription */,
				9A4C4DCA2B6D0336008843C5 /* TopicsList */,
				9A91E6522B6522C4000773C7 /* Exercise */,
			);
			path = Modules;
			sourceTree = "<group>";
		};
		9A91E62E2B5ED9C9000773C7 /* ViewModel */ = {
			isa = PBXGroup;
			children = (
				9A91E62F2B5ED9E8000773C7 /* ExerciseViewModel.swift */,
			);
			path = ViewModel;
			sourceTree = "<group>";
		};
		9A91E63D2B5FCB1A000773C7 /* Views */ = {
			isa = PBXGroup;
			children = (
				9A91E6542B65230F000773C7 /* ExerciseOptionsView.swift */,
				9A91E6442B601E61000773C7 /* SentenceExerciseView.swift */,
				9A91E6372B5EF01E000773C7 /* ExerciseView.swift */,
				9A91E63E2B5FCB34000773C7 /* ProcessingView.swift */,
				9A91E6422B5FF090000773C7 /* ExercisesTabView.swift */,
			);
			path = Views;
			sourceTree = "<group>";
		};
		9A91E6462B626BCE000773C7 /* Helpers */ = {
			isa = PBXGroup;
			children = (
				9A4C4DD72B6D7384008843C5 /* Colors */,
				9A91E6492B626C04000773C7 /* FlowLayout */,
			);
			path = Helpers;
			sourceTree = "<group>";
		};
		9A91E6492B626C04000773C7 /* FlowLayout */ = {
			isa = PBXGroup;
			children = (
				9A91E6472B626BE8000773C7 /* FlowLayout.swift */,
				9A91E64A2B626C15000773C7 /* Arranger.swift */,
			);
			path = FlowLayout;
			sourceTree = "<group>";
		};
		9A91E6522B6522C4000773C7 /* Exercise */ = {
			isa = PBXGroup;
			children = (
				9A91E63D2B5FCB1A000773C7 /* Views */,
				9A91E62E2B5ED9C9000773C7 /* ViewModel */,
				9A91E6392B5EF02D000773C7 /* ExerciseBuilder.swift */,
				9AF1A03A2B69022F00564094 /* Services */,
			);
			path = Exercise;
			sourceTree = "<group>";
		};
		9AF1A03A2B69022F00564094 /* Services */ = {
			isa = PBXGroup;
			children = (
				9AF1A03B2B69024E00564094 /* ToBeExerciseService.swift */,
				9A4C4DE02B6D89D2008843C5 /* ExerciseServiceProtocol.swift */,
			);
			path = Services;
			sourceTree = "<group>";
		};
/* End PBXGroup section */

/* Begin PBXNativeTarget section */
		9A91E5EF2B5E90CE000773C7 /* EnglishCourse */ = {
			isa = PBXNativeTarget;
			buildConfigurationList = 9A91E6192B5E90CF000773C7 /* Build configuration list for PBXNativeTarget "EnglishCourse" */;
			buildPhases = (
				9A91E5EC2B5E90CE000773C7 /* Sources */,
				9A91E5ED2B5E90CE000773C7 /* Frameworks */,
				9A91E5EE2B5E90CE000773C7 /* Resources */,
			);
			buildRules = (
			);
			dependencies = (
			);
			name = EnglishCourse;
			productName = EnglishCourse;
			productReference = 9A91E5F02B5E90CE000773C7 /* EnglishCourse.app */;
			productType = "com.apple.product-type.application";
		};
		9A91E6042B5E90CF000773C7 /* EnglishCourseTests */ = {
			isa = PBXNativeTarget;
			buildConfigurationList = 9A91E61C2B5E90CF000773C7 /* Build configuration list for PBXNativeTarget "EnglishCourseTests" */;
			buildPhases = (
				9A91E6012B5E90CF000773C7 /* Sources */,
				9A91E6022B5E90CF000773C7 /* Frameworks */,
				9A91E6032B5E90CF000773C7 /* Resources */,
			);
			buildRules = (
			);
			dependencies = (
				9A91E6072B5E90CF000773C7 /* PBXTargetDependency */,
			);
			name = EnglishCourseTests;
			productName = EnglishCourseTests;
			productReference = 9A91E6052B5E90CF000773C7 /* EnglishCourseTests.xctest */;
			productType = "com.apple.product-type.bundle.unit-test";
		};
		9A91E60E2B5E90CF000773C7 /* EnglishCourseUITests */ = {
			isa = PBXNativeTarget;
			buildConfigurationList = 9A91E61F2B5E90CF000773C7 /* Build configuration list for PBXNativeTarget "EnglishCourseUITests" */;
			buildPhases = (
				9A91E60B2B5E90CF000773C7 /* Sources */,
				9A91E60C2B5E90CF000773C7 /* Frameworks */,
				9A91E60D2B5E90CF000773C7 /* Resources */,
			);
			buildRules = (
			);
			dependencies = (
				9A91E6112B5E90CF000773C7 /* PBXTargetDependency */,
			);
			name = EnglishCourseUITests;
			productName = EnglishCourseUITests;
			productReference = 9A91E60F2B5E90CF000773C7 /* EnglishCourseUITests.xctest */;
			productType = "com.apple.product-type.bundle.ui-testing";
		};
/* End PBXNativeTarget section */

/* Begin PBXProject section */
		9A91E5E82B5E90CE000773C7 /* Project object */ = {
			isa = PBXProject;
			attributes = {
				BuildIndependentTargetsInParallel = 1;
				LastSwiftUpdateCheck = 1430;
				LastUpgradeCheck = 1430;
				TargetAttributes = {
					9A91E5EF2B5E90CE000773C7 = {
						CreatedOnToolsVersion = 14.3.1;
					};
					9A91E6042B5E90CF000773C7 = {
						CreatedOnToolsVersion = 14.3.1;
						TestTargetID = 9A91E5EF2B5E90CE000773C7;
					};
					9A91E60E2B5E90CF000773C7 = {
						CreatedOnToolsVersion = 14.3.1;
						TestTargetID = 9A91E5EF2B5E90CE000773C7;
					};
				};
			};
			buildConfigurationList = 9A91E5EB2B5E90CE000773C7 /* Build configuration list for PBXProject "EnglishCourse" */;
			compatibilityVersion = "Xcode 14.0";
			developmentRegion = en;
			hasScannedForEncodings = 0;
			knownRegions = (
				en,
				Base,
			);
			mainGroup = 9A91E5E72B5E90CE000773C7;
			productRefGroup = 9A91E5F12B5E90CE000773C7 /* Products */;
			projectDirPath = "";
			projectRoot = "";
			targets = (
				9A91E5EF2B5E90CE000773C7 /* EnglishCourse */,
				9A91E6042B5E90CF000773C7 /* EnglishCourseTests */,
				9A91E60E2B5E90CF000773C7 /* EnglishCourseUITests */,
			);
		};
/* End PBXProject section */

/* Begin PBXResourcesBuildPhase section */
		9A91E5EE2B5E90CE000773C7 /* Resources */ = {
			isa = PBXResourcesBuildPhase;
			buildActionMask = 2147483647;
			files = (
				9A91E5FB2B5E90CF000773C7 /* Preview Assets.xcassets in Resources */,
				9A91E5F82B5E90CF000773C7 /* Assets.xcassets in Resources */,
			);
			runOnlyForDeploymentPostprocessing = 0;
		};
		9A91E6032B5E90CF000773C7 /* Resources */ = {
			isa = PBXResourcesBuildPhase;
			buildActionMask = 2147483647;
			files = (
			);
			runOnlyForDeploymentPostprocessing = 0;
		};
		9A91E60D2B5E90CF000773C7 /* Resources */ = {
			isa = PBXResourcesBuildPhase;
			buildActionMask = 2147483647;
			files = (
			);
			runOnlyForDeploymentPostprocessing = 0;
		};
/* End PBXResourcesBuildPhase section */

/* Begin PBXSourcesBuildPhase section */
		9A91E5EC2B5E90CE000773C7 /* Sources */ = {
			isa = PBXSourcesBuildPhase;
			buildActionMask = 2147483647;
			files = (
				9A91E6432B5FF090000773C7 /* ExercisesTabView.swift in Sources */,
				9A4C4DDC2B6D78CE008843C5 /* TopicsListViewModel.swift in Sources */,
				9A91E6482B626BE8000773C7 /* FlowLayout.swift in Sources */,
				9A91E64B2B626C15000773C7 /* Arranger.swift in Sources */,
				9A91E6272B5E926D000773C7 /* ToBeSentensesRequest.swift in Sources */,
				9A91E5FD2B5E90CF000773C7 /* Persistence.swift in Sources */,
				9A4C4DE42B6D8A2B008843C5 /* TopicsListViewCell.swift in Sources */,
				9A91E6382B5EF01E000773C7 /* ExerciseView.swift in Sources */,
				9A4C4DD32B6D5662008843C5 /* TopicDescriptionView.swift in Sources */,
				9A91E6292B5E92D0000773C7 /* ToBeSentensesResponse.swift in Sources */,
				9A91E6552B65230F000773C7 /* ExerciseOptionsView.swift in Sources */,
				9A91E6002B5E90CF000773C7 /* EnglishCourse.xcdatamodeld in Sources */,
				9A4C4DE12B6D89D2008843C5 /* ExerciseServiceProtocol.swift in Sources */,
				9AF1A03C2B69024E00564094 /* ToBeExerciseService.swift in Sources */,
				9A91E6242B5E91B5000773C7 /* NetworkManager.swift in Sources */,
				9A4C4DDE2B6D7D71008843C5 /* TopicsListBuilder.swift in Sources */,
				9A4C4DCC2B6D035C008843C5 /* TopicsListView.swift in Sources */,
				9A4C4DD92B6D7393008843C5 /* Colors.swift in Sources */,
				9A4C4DD62B6D706E008843C5 /* Topic.swift in Sources */,
				9A91E6302B5ED9E8000773C7 /* ExerciseViewModel.swift in Sources */,
				9A91E6452B601E61000773C7 /* SentenceExerciseView.swift in Sources */,
				9A91E62B2B5E95AD000773C7 /* ToBeExercise.swift in Sources */,
				9A91E5F62B5E90CE000773C7 /* ContentView.swift in Sources */,
				9A4C4DD02B6D1331008843C5 /* AddTopicsService.swift in Sources */,
				9A91E5F42B5E90CE000773C7 /* EnglishCourseApp.swift in Sources */,
				9A91E63A2B5EF02D000773C7 /* ExerciseBuilder.swift in Sources */,
				9A91E63F2B5FCB34000773C7 /* ProcessingView.swift in Sources */,
			);
			runOnlyForDeploymentPostprocessing = 0;
		};
		9A91E6012B5E90CF000773C7 /* Sources */ = {
			isa = PBXSourcesBuildPhase;
			buildActionMask = 2147483647;
			files = (
				9A91E60A2B5E90CF000773C7 /* EnglishCourseTests.swift in Sources */,
			);
			runOnlyForDeploymentPostprocessing = 0;
		};
		9A91E60B2B5E90CF000773C7 /* Sources */ = {
			isa = PBXSourcesBuildPhase;
			buildActionMask = 2147483647;
			files = (
				9A91E6162B5E90CF000773C7 /* EnglishCourseUITestsLaunchTests.swift in Sources */,
				9A91E6142B5E90CF000773C7 /* EnglishCourseUITests.swift in Sources */,
			);
			runOnlyForDeploymentPostprocessing = 0;
		};
/* End PBXSourcesBuildPhase section */

/* Begin PBXTargetDependency section */
		9A91E6072B5E90CF000773C7 /* PBXTargetDependency */ = {
			isa = PBXTargetDependency;
			target = 9A91E5EF2B5E90CE000773C7 /* EnglishCourse */;
			targetProxy = 9A91E6062B5E90CF000773C7 /* PBXContainerItemProxy */;
		};
		9A91E6112B5E90CF000773C7 /* PBXTargetDependency */ = {
			isa = PBXTargetDependency;
			target = 9A91E5EF2B5E90CE000773C7 /* EnglishCourse */;
			targetProxy = 9A91E6102B5E90CF000773C7 /* PBXContainerItemProxy */;
		};
/* End PBXTargetDependency section */

/* Begin XCBuildConfiguration section */
		9A91E6172B5E90CF000773C7 /* Debug */ = {
			isa = XCBuildConfiguration;
			buildSettings = {
				ALWAYS_SEARCH_USER_PATHS = NO;
				CLANG_ANALYZER_NONNULL = YES;
				CLANG_ANALYZER_NUMBER_OBJECT_CONVERSION = YES_AGGRESSIVE;
				CLANG_CXX_LANGUAGE_STANDARD = "gnu++20";
				CLANG_ENABLE_MODULES = YES;
				CLANG_ENABLE_OBJC_ARC = YES;
				CLANG_ENABLE_OBJC_WEAK = YES;
				CLANG_WARN_BLOCK_CAPTURE_AUTORELEASING = YES;
				CLANG_WARN_BOOL_CONVERSION = YES;
				CLANG_WARN_COMMA = YES;
				CLANG_WARN_CONSTANT_CONVERSION = YES;
				CLANG_WARN_DEPRECATED_OBJC_IMPLEMENTATIONS = YES;
				CLANG_WARN_DIRECT_OBJC_ISA_USAGE = YES_ERROR;
				CLANG_WARN_DOCUMENTATION_COMMENTS = YES;
				CLANG_WARN_EMPTY_BODY = YES;
				CLANG_WARN_ENUM_CONVERSION = YES;
				CLANG_WARN_INFINITE_RECURSION = YES;
				CLANG_WARN_INT_CONVERSION = YES;
				CLANG_WARN_NON_LITERAL_NULL_CONVERSION = YES;
				CLANG_WARN_OBJC_IMPLICIT_RETAIN_SELF = YES;
				CLANG_WARN_OBJC_LITERAL_CONVERSION = YES;
				CLANG_WARN_OBJC_ROOT_CLASS = YES_ERROR;
				CLANG_WARN_QUOTED_INCLUDE_IN_FRAMEWORK_HEADER = YES;
				CLANG_WARN_RANGE_LOOP_ANALYSIS = YES;
				CLANG_WARN_STRICT_PROTOTYPES = YES;
				CLANG_WARN_SUSPICIOUS_MOVE = YES;
				CLANG_WARN_UNGUARDED_AVAILABILITY = YES_AGGRESSIVE;
				CLANG_WARN_UNREACHABLE_CODE = YES;
				CLANG_WARN__DUPLICATE_METHOD_MATCH = YES;
				COPY_PHASE_STRIP = NO;
				DEBUG_INFORMATION_FORMAT = dwarf;
				ENABLE_STRICT_OBJC_MSGSEND = YES;
				ENABLE_TESTABILITY = YES;
				GCC_C_LANGUAGE_STANDARD = gnu11;
				GCC_DYNAMIC_NO_PIC = NO;
				GCC_NO_COMMON_BLOCKS = YES;
				GCC_OPTIMIZATION_LEVEL = 0;
				GCC_PREPROCESSOR_DEFINITIONS = (
					"DEBUG=1",
					"$(inherited)",
				);
				GCC_WARN_64_TO_32_BIT_CONVERSION = YES;
				GCC_WARN_ABOUT_RETURN_TYPE = YES_ERROR;
				GCC_WARN_UNDECLARED_SELECTOR = YES;
				GCC_WARN_UNINITIALIZED_AUTOS = YES_AGGRESSIVE;
				GCC_WARN_UNUSED_FUNCTION = YES;
				GCC_WARN_UNUSED_VARIABLE = YES;
				IPHONEOS_DEPLOYMENT_TARGET = 16.4;
				MTL_ENABLE_DEBUG_INFO = INCLUDE_SOURCE;
				MTL_FAST_MATH = YES;
				ONLY_ACTIVE_ARCH = YES;
				SDKROOT = iphoneos;
				SWIFT_ACTIVE_COMPILATION_CONDITIONS = DEBUG;
				SWIFT_OPTIMIZATION_LEVEL = "-Onone";
			};
			name = Debug;
		};
		9A91E6182B5E90CF000773C7 /* Release */ = {
			isa = XCBuildConfiguration;
			buildSettings = {
				ALWAYS_SEARCH_USER_PATHS = NO;
				CLANG_ANALYZER_NONNULL = YES;
				CLANG_ANALYZER_NUMBER_OBJECT_CONVERSION = YES_AGGRESSIVE;
				CLANG_CXX_LANGUAGE_STANDARD = "gnu++20";
				CLANG_ENABLE_MODULES = YES;
				CLANG_ENABLE_OBJC_ARC = YES;
				CLANG_ENABLE_OBJC_WEAK = YES;
				CLANG_WARN_BLOCK_CAPTURE_AUTORELEASING = YES;
				CLANG_WARN_BOOL_CONVERSION = YES;
				CLANG_WARN_COMMA = YES;
				CLANG_WARN_CONSTANT_CONVERSION = YES;
				CLANG_WARN_DEPRECATED_OBJC_IMPLEMENTATIONS = YES;
				CLANG_WARN_DIRECT_OBJC_ISA_USAGE = YES_ERROR;
				CLANG_WARN_DOCUMENTATION_COMMENTS = YES;
				CLANG_WARN_EMPTY_BODY = YES;
				CLANG_WARN_ENUM_CONVERSION = YES;
				CLANG_WARN_INFINITE_RECURSION = YES;
				CLANG_WARN_INT_CONVERSION = YES;
				CLANG_WARN_NON_LITERAL_NULL_CONVERSION = YES;
				CLANG_WARN_OBJC_IMPLICIT_RETAIN_SELF = YES;
				CLANG_WARN_OBJC_LITERAL_CONVERSION = YES;
				CLANG_WARN_OBJC_ROOT_CLASS = YES_ERROR;
				CLANG_WARN_QUOTED_INCLUDE_IN_FRAMEWORK_HEADER = YES;
				CLANG_WARN_RANGE_LOOP_ANALYSIS = YES;
				CLANG_WARN_STRICT_PROTOTYPES = YES;
				CLANG_WARN_SUSPICIOUS_MOVE = YES;
				CLANG_WARN_UNGUARDED_AVAILABILITY = YES_AGGRESSIVE;
				CLANG_WARN_UNREACHABLE_CODE = YES;
				CLANG_WARN__DUPLICATE_METHOD_MATCH = YES;
				COPY_PHASE_STRIP = NO;
				DEBUG_INFORMATION_FORMAT = "dwarf-with-dsym";
				ENABLE_NS_ASSERTIONS = NO;
				ENABLE_STRICT_OBJC_MSGSEND = YES;
				GCC_C_LANGUAGE_STANDARD = gnu11;
				GCC_NO_COMMON_BLOCKS = YES;
				GCC_WARN_64_TO_32_BIT_CONVERSION = YES;
				GCC_WARN_ABOUT_RETURN_TYPE = YES_ERROR;
				GCC_WARN_UNDECLARED_SELECTOR = YES;
				GCC_WARN_UNINITIALIZED_AUTOS = YES_AGGRESSIVE;
				GCC_WARN_UNUSED_FUNCTION = YES;
				GCC_WARN_UNUSED_VARIABLE = YES;
				IPHONEOS_DEPLOYMENT_TARGET = 16.4;
				MTL_ENABLE_DEBUG_INFO = NO;
				MTL_FAST_MATH = YES;
				SDKROOT = iphoneos;
				SWIFT_COMPILATION_MODE = wholemodule;
				SWIFT_OPTIMIZATION_LEVEL = "-O";
				VALIDATE_PRODUCT = YES;
			};
			name = Release;
		};
		9A91E61A2B5E90CF000773C7 /* Debug */ = {
			isa = XCBuildConfiguration;
			buildSettings = {
				ASSETCATALOG_COMPILER_APPICON_NAME = AppIcon;
				ASSETCATALOG_COMPILER_GLOBAL_ACCENT_COLOR_NAME = AccentColor;
				CODE_SIGN_STYLE = Automatic;
				CURRENT_PROJECT_VERSION = 1;
				DEVELOPMENT_ASSET_PATHS = "\"EnglishCourse/Preview Content\"";
				DEVELOPMENT_TEAM = 33K9YBN2Y2;
				ENABLE_PREVIEWS = YES;
				GENERATE_INFOPLIST_FILE = YES;
				INFOPLIST_KEY_UIApplicationSceneManifest_Generation = YES;
				INFOPLIST_KEY_UIApplicationSupportsIndirectInputEvents = YES;
				INFOPLIST_KEY_UILaunchScreen_Generation = YES;
				INFOPLIST_KEY_UISupportedInterfaceOrientations_iPad = "UIInterfaceOrientationPortrait UIInterfaceOrientationPortraitUpsideDown UIInterfaceOrientationLandscapeLeft UIInterfaceOrientationLandscapeRight";
				INFOPLIST_KEY_UISupportedInterfaceOrientations_iPhone = "UIInterfaceOrientationPortrait UIInterfaceOrientationLandscapeLeft UIInterfaceOrientationLandscapeRight";
				LD_RUNPATH_SEARCH_PATHS = (
					"$(inherited)",
					"@executable_path/Frameworks",
				);
				MARKETING_VERSION = 1.0;
				PRODUCT_BUNDLE_IDENTIFIER = rmSwift.EnglishCourse;
				PRODUCT_NAME = "$(TARGET_NAME)";
				SWIFT_EMIT_LOC_STRINGS = YES;
				SWIFT_VERSION = 5.0;
				TARGETED_DEVICE_FAMILY = "1,2";
			};
			name = Debug;
		};
		9A91E61B2B5E90CF000773C7 /* Release */ = {
			isa = XCBuildConfiguration;
			buildSettings = {
				ASSETCATALOG_COMPILER_APPICON_NAME = AppIcon;
				ASSETCATALOG_COMPILER_GLOBAL_ACCENT_COLOR_NAME = AccentColor;
				CODE_SIGN_STYLE = Automatic;
				CURRENT_PROJECT_VERSION = 1;
				DEVELOPMENT_ASSET_PATHS = "\"EnglishCourse/Preview Content\"";
				DEVELOPMENT_TEAM = 33K9YBN2Y2;
				ENABLE_PREVIEWS = YES;
				GENERATE_INFOPLIST_FILE = YES;
				INFOPLIST_KEY_UIApplicationSceneManifest_Generation = YES;
				INFOPLIST_KEY_UIApplicationSupportsIndirectInputEvents = YES;
				INFOPLIST_KEY_UILaunchScreen_Generation = YES;
				INFOPLIST_KEY_UISupportedInterfaceOrientations_iPad = "UIInterfaceOrientationPortrait UIInterfaceOrientationPortraitUpsideDown UIInterfaceOrientationLandscapeLeft UIInterfaceOrientationLandscapeRight";
				INFOPLIST_KEY_UISupportedInterfaceOrientations_iPhone = "UIInterfaceOrientationPortrait UIInterfaceOrientationLandscapeLeft UIInterfaceOrientationLandscapeRight";
				LD_RUNPATH_SEARCH_PATHS = (
					"$(inherited)",
					"@executable_path/Frameworks",
				);
				MARKETING_VERSION = 1.0;
				PRODUCT_BUNDLE_IDENTIFIER = rmSwift.EnglishCourse;
				PRODUCT_NAME = "$(TARGET_NAME)";
				SWIFT_EMIT_LOC_STRINGS = YES;
				SWIFT_VERSION = 5.0;
				TARGETED_DEVICE_FAMILY = "1,2";
			};
			name = Release;
		};
		9A91E61D2B5E90CF000773C7 /* Debug */ = {
			isa = XCBuildConfiguration;
			buildSettings = {
				ALWAYS_EMBED_SWIFT_STANDARD_LIBRARIES = YES;
				BUNDLE_LOADER = "$(TEST_HOST)";
				CODE_SIGN_STYLE = Automatic;
				CURRENT_PROJECT_VERSION = 1;
				DEVELOPMENT_TEAM = 33K9YBN2Y2;
				GENERATE_INFOPLIST_FILE = YES;
				IPHONEOS_DEPLOYMENT_TARGET = 16.4;
				MARKETING_VERSION = 1.0;
				PRODUCT_BUNDLE_IDENTIFIER = rmSwift.EnglishCourseTests;
				PRODUCT_NAME = "$(TARGET_NAME)";
				SWIFT_EMIT_LOC_STRINGS = NO;
				SWIFT_VERSION = 5.0;
				TARGETED_DEVICE_FAMILY = "1,2";
				TEST_HOST = "$(BUILT_PRODUCTS_DIR)/EnglishCourse.app/$(BUNDLE_EXECUTABLE_FOLDER_PATH)/EnglishCourse";
			};
			name = Debug;
		};
		9A91E61E2B5E90CF000773C7 /* Release */ = {
			isa = XCBuildConfiguration;
			buildSettings = {
				ALWAYS_EMBED_SWIFT_STANDARD_LIBRARIES = YES;
				BUNDLE_LOADER = "$(TEST_HOST)";
				CODE_SIGN_STYLE = Automatic;
				CURRENT_PROJECT_VERSION = 1;
				DEVELOPMENT_TEAM = 33K9YBN2Y2;
				GENERATE_INFOPLIST_FILE = YES;
				IPHONEOS_DEPLOYMENT_TARGET = 16.4;
				MARKETING_VERSION = 1.0;
				PRODUCT_BUNDLE_IDENTIFIER = rmSwift.EnglishCourseTests;
				PRODUCT_NAME = "$(TARGET_NAME)";
				SWIFT_EMIT_LOC_STRINGS = NO;
				SWIFT_VERSION = 5.0;
				TARGETED_DEVICE_FAMILY = "1,2";
				TEST_HOST = "$(BUILT_PRODUCTS_DIR)/EnglishCourse.app/$(BUNDLE_EXECUTABLE_FOLDER_PATH)/EnglishCourse";
			};
			name = Release;
		};
		9A91E6202B5E90CF000773C7 /* Debug */ = {
			isa = XCBuildConfiguration;
			buildSettings = {
				ALWAYS_EMBED_SWIFT_STANDARD_LIBRARIES = YES;
				CODE_SIGN_STYLE = Automatic;
				CURRENT_PROJECT_VERSION = 1;
				DEVELOPMENT_TEAM = 33K9YBN2Y2;
				GENERATE_INFOPLIST_FILE = YES;
				MARKETING_VERSION = 1.0;
				PRODUCT_BUNDLE_IDENTIFIER = rmSwift.EnglishCourseUITests;
				PRODUCT_NAME = "$(TARGET_NAME)";
				SWIFT_EMIT_LOC_STRINGS = NO;
				SWIFT_VERSION = 5.0;
				TARGETED_DEVICE_FAMILY = "1,2";
				TEST_TARGET_NAME = EnglishCourse;
			};
			name = Debug;
		};
		9A91E6212B5E90CF000773C7 /* Release */ = {
			isa = XCBuildConfiguration;
			buildSettings = {
				ALWAYS_EMBED_SWIFT_STANDARD_LIBRARIES = YES;
				CODE_SIGN_STYLE = Automatic;
				CURRENT_PROJECT_VERSION = 1;
				DEVELOPMENT_TEAM = 33K9YBN2Y2;
				GENERATE_INFOPLIST_FILE = YES;
				MARKETING_VERSION = 1.0;
				PRODUCT_BUNDLE_IDENTIFIER = rmSwift.EnglishCourseUITests;
				PRODUCT_NAME = "$(TARGET_NAME)";
				SWIFT_EMIT_LOC_STRINGS = NO;
				SWIFT_VERSION = 5.0;
				TARGETED_DEVICE_FAMILY = "1,2";
				TEST_TARGET_NAME = EnglishCourse;
			};
			name = Release;
		};
/* End XCBuildConfiguration section */

/* Begin XCConfigurationList section */
		9A91E5EB2B5E90CE000773C7 /* Build configuration list for PBXProject "EnglishCourse" */ = {
			isa = XCConfigurationList;
			buildConfigurations = (
				9A91E6172B5E90CF000773C7 /* Debug */,
				9A91E6182B5E90CF000773C7 /* Release */,
			);
			defaultConfigurationIsVisible = 0;
			defaultConfigurationName = Release;
		};
		9A91E6192B5E90CF000773C7 /* Build configuration list for PBXNativeTarget "EnglishCourse" */ = {
			isa = XCConfigurationList;
			buildConfigurations = (
				9A91E61A2B5E90CF000773C7 /* Debug */,
				9A91E61B2B5E90CF000773C7 /* Release */,
			);
			defaultConfigurationIsVisible = 0;
			defaultConfigurationName = Release;
		};
		9A91E61C2B5E90CF000773C7 /* Build configuration list for PBXNativeTarget "EnglishCourseTests" */ = {
			isa = XCConfigurationList;
			buildConfigurations = (
				9A91E61D2B5E90CF000773C7 /* Debug */,
				9A91E61E2B5E90CF000773C7 /* Release */,
			);
			defaultConfigurationIsVisible = 0;
			defaultConfigurationName = Release;
		};
		9A91E61F2B5E90CF000773C7 /* Build configuration list for PBXNativeTarget "EnglishCourseUITests" */ = {
			isa = XCConfigurationList;
			buildConfigurations = (
				9A91E6202B5E90CF000773C7 /* Debug */,
				9A91E6212B5E90CF000773C7 /* Release */,
			);
			defaultConfigurationIsVisible = 0;
			defaultConfigurationName = Release;
		};
/* End XCConfigurationList section */

/* Begin XCVersionGroup section */
		9A91E5FE2B5E90CF000773C7 /* EnglishCourse.xcdatamodeld */ = {
			isa = XCVersionGroup;
			children = (
				9A91E5FF2B5E90CF000773C7 /* EnglishCourse.xcdatamodel */,
			);
			currentVersion = 9A91E5FF2B5E90CF000773C7 /* EnglishCourse.xcdatamodel */;
			path = EnglishCourse.xcdatamodeld;
			sourceTree = "<group>";
			versionGroupType = wrapper.xcdatamodel;
		};
/* End XCVersionGroup section */
	};
	rootObject = 9A91E5E82B5E90CE000773C7 /* Project object */;
}
